{
  "nodes": {
    "base16-schemes": {
      "flake": false,
      "locked": {
        "lastModified": 1696158499,
        "narHash": "sha256-5yIHgDTPjoX/3oDEfLSQ0eJZdFL1SaCfb9d6M0RmOTM=",
        "owner": "tinted-theming",
        "repo": "base16-schemes",
        "rev": "a9112eaae86d9dd8ee6bb9445b664fba2f94037a",
        "type": "github"
      },
      "original": {
        "owner": "tinted-theming",
        "repo": "base16-schemes",
        "type": "github"
      }
    },
    "catppuccin-userstyles": {
      "flake": false,
      "locked": {
        "lastModified": 1786678283,
        "narHash": "sha256-0qgpfWJ/+8RDN5K7hvIxQSubzvEpmCM/j7K+srvMCVk=",
        "owner": "catppuccin",
        "repo": "userstyles",
        "rev": "ff22c70908269c129d427cf07a9b8159f737c03e",
        "type": "github"
      },
      "original": {
        "owner": "catppuccin",
        "repo": "userstyles",
        "type": "github"
      }
    },
    "discord-userstyle": {
      "flake": false,
      "locked": {
        "lastModified": 1770426312,
        "narHash": "sha256-rxvHIifq5CYIBPwFA2SpOrWT+sG/z0ItXT3sx2wbEqg=",
        "owner": "catppuccin",
        "repo": "discord",
        "rev": "b9b5547f0b32296d2389716ef606de87b3c1e7c7",
        "type": "github"
      },
      "original": {
        "owner": "catppuccin",
        "repo": "discord",
        "type": "github"
      }
    },
    "flake-parts": {
      "inputs": {
        "nixpkgs-lib": "nixpkgs-lib"
      },
      "locked": {
        "lastModified": 1785627969,
        "narHash": "sha256-4dtXQk/NMePegK/nWp5NSeuZKLATItOq61lpEvmXqGw=",
        "owner": "hercules-ci",
        "repo": "flake-parts",
        "rev": "427bf4bd9435fdf21321c8cc628c24efc14c0f7a",
        "type": "github"
      },
      "original": {
        "owner": "hercules-ci",
        "repo": "flake-parts",
        "type": "github"
      }
    },
    "import-tree": {
      "locked": {
        "lastModified": 1784254960,
        "narHash": "sha256-iI88R3wHz8wTKQb5orvpc51L/Xr64AJyxid/0MKa/b8=",
        "owner": "vic",
        "repo": "import-tree",
        "rev": "4ebb10ae17d5f1ad366e7aef5b92cb8eecf24f69",
        "type": "github"
      },
      "original": {
        "owner": "vic",
        "repo": "import-tree",
        "type": "github"
      }
    },
    "nix-colors": {
      "inputs": {
        "base16-schemes": "base16-schemes",
        "nixpkgs-lib": [
          "nixpkgs"
        ]
      },
      "locked": {
        "lastModified": 1707825078,
        "narHash": "sha256-hTfge2J2W+42SZ7VHXkf4kjU+qzFqPeC9k66jAUBMHk=",
        "owner": "misterio77",
        "repo": "nix-colors",
        "rev": "b01f024090d2c4fc3152cd0cf12027a7b8453ba1",
        "type": "github"
      },
      "original": {
        "owner": "misterio77",
        "repo": "nix-colors",
        "type": "github"
      }
    },
    "nixpkgs": {
      "locked": {
        "lastModified": 1786593342,
        "narHash": "sha256-smTKQXMLLStzc8zJevMCckbk3My7SvbbLmPYZUJJKW4=",
        "owner": "NixOS",
        "repo": "nixpkgs",
        "rev": "6b5e5b7a6631f065bf6908986990b37d845f847f",
        "type": "github"
      },
      "original": {
        "owner": "NixOS",
        "ref": "nixpkgs-unstable",
        "repo": "nixpkgs",
        "type": "github"
      }
    },
    "nixpkgs-lib": {
      "locked": {
        "lastModified": 1785031560,
        "narHash": "sha256-OmshNvn2vupOFpYinLUu+1Dnpu4n7Q5N3ggGVNHpkUI=",
        "owner": "nix-community",
        "repo": "nixpkgs.lib",
        "rev": "0e79af5e3d4dcfcd676ab5ba3f95d2e3352e078c",
        "type": "github"
      },
      "original": {
        "owner": "nix-community",
        "repo": "nixpkgs.lib",
        "type": "github"
      }
    },
    "root": {
      "inputs": {
        "catppuccin-userstyles": "catppuccin-userstyles",
        "discord-userstyle": "discord-userstyle",
        "flake-parts": "flake-parts",
        "import-tree": "import-tree",
        "nix-colors": "nix-colors",
        "nixpkgs": "nixpkgs",
        "tangled-catppuccin": "tangled-catppuccin",
        "treefmt-nix": "treefmt-nix"
      }
    },
    "tangled-catppuccin": {
      "flake": false,
      "locked": {
        "lastModified": 1783198809,
        "narHash": "sha256-pcMyCO0r9ZC6Nbx8xSI4QexZ3/eoeXQbJSlaEUAkm9k=",
        "ref": "refs/heads/main",
        "rev": "eefa60c601ff382e70386f737e3d5c8ca13b8375",
        "revCount": 35,
        "type": "git",
        "url": "https://tangled.org/did:plc:rdinf3cjt4zqifhqdtc5gfcr"
      },
      "original": {
        "type": "git",
        "url": "https://tangled.org/did:plc:rdinf3cjt4zqifhqdtc5gfcr"
      }
    },
    "treefmt-nix": {
      "inputs": {
        "nixpkgs": [
          "nixpkgs"
        ]
      },
      "locked": {
        "lastModified": 1785945821,
        "narHash": "sha256-NLSyTCW4K4ofhNBllt3omPasm6QpralXH1DBZOc91Dw=",
        "owner": "numtide",
        "repo": "treefmt-nix",
        "rev": "ae7910970dddc408fe6ab1c8e4b277bb21d72dc0",
        "type": "github"
      },
      "original": {
        "owner": "numtide",
        "repo": "treefmt-nix",
        "type": "github"
      }
    }
  },
  "root": "root",
  "version": 7
}
